// !$*UTF8*$!
{
	archiveVersion = 1;
	classes = {
	};
	objectVersion = 56;
	objects = {

/* Begin PBXBuildFile section */
		BB7F98982BF1B16D0055A9D8 /* HeartButton.swift in Sources */ = {isa = PBXBuildFile; fileRef = BB7F98972BF1B16D0055A9D8 /* HeartButton.swift */; };
		BBFD8C5D2BF183230076568D /* LandmarksView.swift in Sources */ = {isa = PBXBuildFile; fileRef = BBFD8C5C2BF183230076568D /* LandmarksView.swift */; };
		FF0C1A442C052293007710E0 /* MessageView.swift in Sources */ = {isa = PBXBuildFile; fileRef = FF0C1A432C052293007710E0 /* MessageView.swift */; };
		FF0C1A462C0522BC007710E0 /* MessageViewModel.swift in Sources */ = {isa = PBXBuildFile; fileRef = FF0C1A452C0522BC007710E0 /* MessageViewModel.swift */; };
		FF0C1A492C06CD70007710E0 /* SignUpView.swift in Sources */ = {isa = PBXBuildFile; fileRef = FF0C1A482C06CD70007710E0 /* SignUpView.swift */; };
		FF0C1A4B2C06CDF3007710E0 /* SignUpViewModel.swift in Sources */ = {isa = PBXBuildFile; fileRef = FF0C1A4A2C06CDF3007710E0 /* SignUpViewModel.swift */; };
		FF0C1A4D2C071B68007710E0 /* KeyChainUtility.swift in Sources */ = {isa = PBXBuildFile; fileRef = FF0C1A4C2C071B68007710E0 /* KeyChainUtility.swift */; };
		FF0C1A522C07D2A5007710E0 /* URLProvider .swift in Sources */ = {isa = PBXBuildFile; fileRef = FF0C1A512C07D2A5007710E0 /* URLProvider .swift */; };
		FF0C1A552C092B59007710E0 /* User.swift in Sources */ = {isa = PBXBuildFile; fileRef = FF0C1A542C092B59007710E0 /* User.swift */; };
		FF0C1A572C094138007710E0 /* Mocker .swift in Sources */ = {isa = PBXBuildFile; fileRef = FF0C1A562C094138007710E0 /* Mocker .swift */; };
		FF0C1A592C0ADB4D007710E0 /* LocationManager.swift in Sources */ = {isa = PBXBuildFile; fileRef = FF0C1A582C0ADB4D007710E0 /* LocationManager.swift */; };
		FF24DC802C100BEA00238FCD /* SageLoadingView.swift in Sources */ = {isa = PBXBuildFile; fileRef = FF24DC7F2C100BEA00238FCD /* SageLoadingView.swift */; };
		FF6AF1D62C0E8DB80067D569 /* SageTabViewModel.swift in Sources */ = {isa = PBXBuildFile; fileRef = FF6AF1D52C0E8DB80067D569 /* SageTabViewModel.swift */; };
		FF6AF1D82C0EF4C50067D569 /* ActivityViewModel.swift in Sources */ = {isa = PBXBuildFile; fileRef = FF6AF1D72C0EF4C50067D569 /* ActivityViewModel.swift */; };
		FF6AF1DA2C0F9D720067D569 /* AppState.swift in Sources */ = {isa = PBXBuildFile; fileRef = FF6AF1D92C0F9D720067D569 /* AppState.swift */; };
		FF6AF1DC2C0FBB2E0067D569 /* ExploreViewModel.swift in Sources */ = {isa = PBXBuildFile; fileRef = FF6AF1DB2C0FBB2E0067D569 /* ExploreViewModel.swift */; };
		FF82EAF12BEADD4300738DF8 /* tripsageApp.swift in Sources */ = {isa = PBXBuildFile; fileRef = FF82EAF02BEADD4300738DF8 /* tripsageApp.swift */; };
		FF82EAF32BEADD4300738DF8 /* MainEntryView.swift in Sources */ = {isa = PBXBuildFile; fileRef = FF82EAF22BEADD4300738DF8 /* MainEntryView.swift */; };
		FF82EAF52BEADD4600738DF8 /* Assets.xcassets in Resources */ = {isa = PBXBuildFile; fileRef = FF82EAF42BEADD4600738DF8 /* Assets.xcassets */; };
		FF82EAF82BEADD4600738DF8 /* Preview Assets.xcassets in Resources */ = {isa = PBXBuildFile; fileRef = FF82EAF72BEADD4600738DF8 /* Preview Assets.xcassets */; };
		FFE0D3B82C0D8B17004C9B2F /* NetworkManager.swift in Sources */ = {isa = PBXBuildFile; fileRef = FFE0D3B72C0D8B17004C9B2F /* NetworkManager.swift */; };
		FFE0D3BB2C0DB6B3004C9B2F /* SettingsView.swift in Sources */ = {isa = PBXBuildFile; fileRef = FFE0D3BA2C0DB6B3004C9B2F /* SettingsView.swift */; };
		FFE0D3BD2C0DB6E2004C9B2F /* SettingsViewModel.swift in Sources */ = {isa = PBXBuildFile; fileRef = FFE0D3BC2C0DB6E2004C9B2F /* SettingsViewModel.swift */; };
		FFE0D3C02C0E45DB004C9B2F /* KeyboardResponder.swift in Sources */ = {isa = PBXBuildFile; fileRef = FFE0D3BF2C0E45DB004C9B2F /* KeyboardResponder.swift */; };
		FFE0F66A2BEB6E1500FD39D9 /* SageTabView.swift in Sources */ = {isa = PBXBuildFile; fileRef = FFE0F6692BEB6E1500FD39D9 /* SageTabView.swift */; };
		FFE0F66C2BEB6F6C00FD39D9 /* ActivityView.swift in Sources */ = {isa = PBXBuildFile; fileRef = FFE0F66B2BEB6F6C00FD39D9 /* ActivityView.swift */; };
		FFE0F66E2BEB6F7B00FD39D9 /* ExploreView.swift in Sources */ = {isa = PBXBuildFile; fileRef = FFE0F66D2BEB6F7B00FD39D9 /* ExploreView.swift */; };
		FFE0F6702BEB6F8A00FD39D9 /* AccountView.swift in Sources */ = {isa = PBXBuildFile; fileRef = FFE0F66F2BEB6F8A00FD39D9 /* AccountView.swift */; };
		FFE0F6752BF28D2800FD39D9 /* MainEntryViewModel.swift in Sources */ = {isa = PBXBuildFile; fileRef = FFE0F6742BF28D2800FD39D9 /* MainEntryViewModel.swift */; };
		FFE0F67A2BF2909F00FD39D9 /* OnBoardingView.swift in Sources */ = {isa = PBXBuildFile; fileRef = FFE0F6792BF2909F00FD39D9 /* OnBoardingView.swift */; };
		FFE0F67C2BF290D900FD39D9 /* LoginView.swift in Sources */ = {isa = PBXBuildFile; fileRef = FFE0F67B2BF290D900FD39D9 /* LoginView.swift */; };
		FFE0F67E2BF2934200FD39D9 /* LoginViewModel.swift in Sources */ = {isa = PBXBuildFile; fileRef = FFE0F67D2BF2934200FD39D9 /* LoginViewModel.swift */; };
		FFE0F6802BF2975B00FD39D9 /* OnBoardingViewModel.swift in Sources */ = {isa = PBXBuildFile; fileRef = FFE0F67F2BF2975B00FD39D9 /* OnBoardingViewModel.swift */; };
		FFE0F6822BF4990A00FD39D9 /* AccountViewModel .swift in Sources */ = {isa = PBXBuildFile; fileRef = FFE0F6812BF4990A00FD39D9 /* AccountViewModel .swift */; };
		FFE0F6862BF4999F00FD39D9 /* HistoryView.swift in Sources */ = {isa = PBXBuildFile; fileRef = FFE0F6852BF4999F00FD39D9 /* HistoryView.swift */; };
		FFE0F6882BF499B100FD39D9 /* InterestsView.swift in Sources */ = {isa = PBXBuildFile; fileRef = FFE0F6872BF499B100FD39D9 /* InterestsView.swift */; };
		FFE0F68A2BF4A50B00FD39D9 /* HistoryViewModel.swift in Sources */ = {isa = PBXBuildFile; fileRef = FFE0F6892BF4A50B00FD39D9 /* HistoryViewModel.swift */; };
/* End PBXBuildFile section */

/* Begin PBXFileReference section */
		BB7F98972BF1B16D0055A9D8 /* HeartButton.swift */ = {isa = PBXFileReference; lastKnownFileType = sourcecode.swift; path = HeartButton.swift; sourceTree = "<group>"; };
		BBFD8C5C2BF183230076568D /* LandmarksView.swift */ = {isa = PBXFileReference; lastKnownFileType = sourcecode.swift; path = LandmarksView.swift; sourceTree = "<group>"; };
		FF0C1A432C052293007710E0 /* MessageView.swift */ = {isa = PBXFileReference; lastKnownFileType = sourcecode.swift; path = MessageView.swift; sourceTree = "<group>"; };
		FF0C1A452C0522BC007710E0 /* MessageViewModel.swift */ = {isa = PBXFileReference; lastKnownFileType = sourcecode.swift; path = MessageViewModel.swift; sourceTree = "<group>"; };
		FF0C1A482C06CD70007710E0 /* SignUpView.swift */ = {isa = PBXFileReference; lastKnownFileType = sourcecode.swift; path = SignUpView.swift; sourceTree = "<group>"; };
		FF0C1A4A2C06CDF3007710E0 /* SignUpViewModel.swift */ = {isa = PBXFileReference; lastKnownFileType = sourcecode.swift; path = SignUpViewModel.swift; sourceTree = "<group>"; };
		FF0C1A4C2C071B68007710E0 /* KeyChainUtility.swift */ = {isa = PBXFileReference; lastKnownFileType = sourcecode.swift; path = KeyChainUtility.swift; sourceTree = "<group>"; };
		FF0C1A512C07D2A5007710E0 /* URLProvider .swift */ = {isa = PBXFileReference; lastKnownFileType = sourcecode.swift; path = "URLProvider .swift"; sourceTree = "<group>"; };
		FF0C1A542C092B59007710E0 /* User.swift */ = {isa = PBXFileReference; lastKnownFileType = sourcecode.swift; path = User.swift; sourceTree = "<group>"; };
		FF0C1A562C094138007710E0 /* Mocker .swift */ = {isa = PBXFileReference; lastKnownFileType = sourcecode.swift; path = "Mocker .swift"; sourceTree = "<group>"; };
		FF0C1A582C0ADB4D007710E0 /* LocationManager.swift */ = {isa = PBXFileReference; lastKnownFileType = sourcecode.swift; path = LocationManager.swift; sourceTree = "<group>"; };
		FF0C1A5A2C0AE5A6007710E0 /* Info.plist */ = {isa = PBXFileReference; lastKnownFileType = text.plist; path = Info.plist; sourceTree = "<group>"; };
		FF24DC7F2C100BEA00238FCD /* SageLoadingView.swift */ = {isa = PBXFileReference; lastKnownFileType = sourcecode.swift; path = SageLoadingView.swift; sourceTree = "<group>"; };
		FF6AF1D52C0E8DB80067D569 /* SageTabViewModel.swift */ = {isa = PBXFileReference; lastKnownFileType = sourcecode.swift; path = SageTabViewModel.swift; sourceTree = "<group>"; };
		FF6AF1D72C0EF4C50067D569 /* ActivityViewModel.swift */ = {isa = PBXFileReference; lastKnownFileType = sourcecode.swift; path = ActivityViewModel.swift; sourceTree = "<group>"; };
		FF6AF1D92C0F9D720067D569 /* AppState.swift */ = {isa = PBXFileReference; lastKnownFileType = sourcecode.swift; path = AppState.swift; sourceTree = "<group>"; };
		FF6AF1DB2C0FBB2E0067D569 /* ExploreViewModel.swift */ = {isa = PBXFileReference; lastKnownFileType = sourcecode.swift; path = ExploreViewModel.swift; sourceTree = "<group>"; };
		FF82EAED2BEADD4300738DF8 /* tripsage.app */ = {isa = PBXFileReference; explicitFileType = wrapper.application; includeInIndex = 0; path = tripsage.app; sourceTree = BUILT_PRODUCTS_DIR; };
		FF82EAF02BEADD4300738DF8 /* tripsageApp.swift */ = {isa = PBXFileReference; lastKnownFileType = sourcecode.swift; path = tripsageApp.swift; sourceTree = "<group>"; };
		FF82EAF22BEADD4300738DF8 /* MainEntryView.swift */ = {isa = PBXFileReference; lastKnownFileType = sourcecode.swift; path = MainEntryView.swift; sourceTree = "<group>"; };
		FF82EAF42BEADD4600738DF8 /* Assets.xcassets */ = {isa = PBXFileReference; lastKnownFileType = folder.assetcatalog; path = Assets.xcassets; sourceTree = "<group>"; };
		FF82EAF72BEADD4600738DF8 /* Preview Assets.xcassets */ = {isa = PBXFileReference; lastKnownFileType = folder.assetcatalog; path = "Preview Assets.xcassets"; sourceTree = "<group>"; };
		FFE0D3B72C0D8B17004C9B2F /* NetworkManager.swift */ = {isa = PBXFileReference; lastKnownFileType = sourcecode.swift; path = NetworkManager.swift; sourceTree = "<group>"; };
		FFE0D3BA2C0DB6B3004C9B2F /* SettingsView.swift */ = {isa = PBXFileReference; lastKnownFileType = sourcecode.swift; path = SettingsView.swift; sourceTree = "<group>"; };
		FFE0D3BC2C0DB6E2004C9B2F /* SettingsViewModel.swift */ = {isa = PBXFileReference; lastKnownFileType = sourcecode.swift; path = SettingsViewModel.swift; sourceTree = "<group>"; };
		FFE0D3BF2C0E45DB004C9B2F /* KeyboardResponder.swift */ = {isa = PBXFileReference; lastKnownFileType = sourcecode.swift; path = KeyboardResponder.swift; sourceTree = "<group>"; };
		FFE0F6692BEB6E1500FD39D9 /* SageTabView.swift */ = {isa = PBXFileReference; lastKnownFileType = sourcecode.swift; path = SageTabView.swift; sourceTree = "<group>"; };
		FFE0F66B2BEB6F6C00FD39D9 /* ActivityView.swift */ = {isa = PBXFileReference; lastKnownFileType = sourcecode.swift; path = ActivityView.swift; sourceTree = "<group>"; };
		FFE0F66D2BEB6F7B00FD39D9 /* ExploreView.swift */ = {isa = PBXFileReference; lastKnownFileType = sourcecode.swift; path = ExploreView.swift; sourceTree = "<group>"; };
		FFE0F66F2BEB6F8A00FD39D9 /* AccountView.swift */ = {isa = PBXFileReference; lastKnownFileType = sourcecode.swift; path = AccountView.swift; sourceTree = "<group>"; };
		FFE0F6742BF28D2800FD39D9 /* MainEntryViewModel.swift */ = {isa = PBXFileReference; lastKnownFileType = sourcecode.swift; path = MainEntryViewModel.swift; sourceTree = "<group>"; };
		FFE0F6792BF2909F00FD39D9 /* OnBoardingView.swift */ = {isa = PBXFileReference; lastKnownFileType = sourcecode.swift; path = OnBoardingView.swift; sourceTree = "<group>"; };
		FFE0F67B2BF290D900FD39D9 /* LoginView.swift */ = {isa = PBXFileReference; lastKnownFileType = sourcecode.swift; path = LoginView.swift; sourceTree = "<group>"; };
		FFE0F67D2BF2934200FD39D9 /* LoginViewModel.swift */ = {isa = PBXFileReference; lastKnownFileType = sourcecode.swift; path = LoginViewModel.swift; sourceTree = "<group>"; };
		FFE0F67F2BF2975B00FD39D9 /* OnBoardingViewModel.swift */ = {isa = PBXFileReference; lastKnownFileType = sourcecode.swift; path = OnBoardingViewModel.swift; sourceTree = "<group>"; };
		FFE0F6812BF4990A00FD39D9 /* AccountViewModel .swift */ = {isa = PBXFileReference; lastKnownFileType = sourcecode.swift; path = "AccountViewModel .swift"; sourceTree = "<group>"; };
		FFE0F6852BF4999F00FD39D9 /* HistoryView.swift */ = {isa = PBXFileReference; lastKnownFileType = sourcecode.swift; path = HistoryView.swift; sourceTree = "<group>"; };
		FFE0F6872BF499B100FD39D9 /* InterestsView.swift */ = {isa = PBXFileReference; lastKnownFileType = sourcecode.swift; path = InterestsView.swift; sourceTree = "<group>"; };
		FFE0F6892BF4A50B00FD39D9 /* HistoryViewModel.swift */ = {isa = PBXFileReference; lastKnownFileType = sourcecode.swift; path = HistoryViewModel.swift; sourceTree = "<group>"; };
/* End PBXFileReference section */

/* Begin PBXFrameworksBuildPhase section */
		FF82EAEA2BEADD4300738DF8 /* Frameworks */ = {
			isa = PBXFrameworksBuildPhase;
			buildActionMask = 2147483647;
			files = (
			);
			runOnlyForDeploymentPostprocessing = 0;
		};
/* End PBXFrameworksBuildPhase section */

/* Begin PBXGroup section */
		FF0C1A472C06CD50007710E0 /* SignUp */ = {
			isa = PBXGroup;
			children = (
				FF0C1A482C06CD70007710E0 /* SignUpView.swift */,
				FF0C1A4A2C06CDF3007710E0 /* SignUpViewModel.swift */,
			);
			path = SignUp;
			sourceTree = "<group>";
		};
		FF0C1A4E2C07A43B007710E0 /* Utilities */ = {
			isa = PBXGroup;
			children = (
				FF0C1A4C2C071B68007710E0 /* KeyChainUtility.swift */,
				FF0C1A512C07D2A5007710E0 /* URLProvider .swift */,
				FF0C1A562C094138007710E0 /* Mocker .swift */,
				FF0C1A582C0ADB4D007710E0 /* LocationManager.swift */,
				FFE0D3B72C0D8B17004C9B2F /* NetworkManager.swift */,
				FFE0D3BF2C0E45DB004C9B2F /* KeyboardResponder.swift */,
			);
			path = Utilities;
			sourceTree = "<group>";
		};
		FF0C1A532C092B35007710E0 /* Model  */ = {
			isa = PBXGroup;
			children = (
				FF0C1A542C092B59007710E0 /* User.swift */,
			);
			path = "Model ";
			sourceTree = "<group>";
		};
		FF24DC7E2C100BCE00238FCD /* ViewComponents */ = {
			isa = PBXGroup;
			children = (
				FF24DC7F2C100BEA00238FCD /* SageLoadingView.swift */,
			);
			path = ViewComponents;
			sourceTree = "<group>";
		};
		FF82EAE42BEADD4300738DF8 = {
			isa = PBXGroup;
			children = (
				FF82EAEF2BEADD4300738DF8 /* tripsage */,
				FF82EAEE2BEADD4300738DF8 /* Products */,
			);
			sourceTree = "<group>";
		};
		FF82EAEE2BEADD4300738DF8 /* Products */ = {
			isa = PBXGroup;
			children = (
				FF82EAED2BEADD4300738DF8 /* tripsage.app */,
			);
			name = Products;
			sourceTree = "<group>";
		};
		FF82EAEF2BEADD4300738DF8 /* tripsage */ = {
			isa = PBXGroup;
			children = (
				FF0C1A5A2C0AE5A6007710E0 /* Info.plist */,
				FF82EAF02BEADD4300738DF8 /* tripsageApp.swift */,
				FF24DC7E2C100BCE00238FCD /* ViewComponents */,
				FF0C1A532C092B35007710E0 /* Model  */,
				FF0C1A4E2C07A43B007710E0 /* Utilities */,
				FFE0F6782BF2908700FD39D9 /* OnBoarding */,
				FFE0F6732BF28D0C00FD39D9 /* MainEntry */,
				FFE0F6672BEB6D5500FD39D9 /* Account */,
				FFE0F6682BEB6DD700FD39D9 /* SageTab */,
				FFE0F6662BEB6CD300FD39D9 /* Activity */,
				FFE0F6652BEB6CB400FD39D9 /* Explore */,
				FFE0F6642BEB6B4A00FD39D9 /* Login */,
				FF82EAF42BEADD4600738DF8 /* Assets.xcassets */,
				FF82EAF62BEADD4600738DF8 /* Preview Content */,
			);
			path = tripsage;
			sourceTree = "<group>";
		};
		FF82EAF62BEADD4600738DF8 /* Preview Content */ = {
			isa = PBXGroup;
			children = (
				FF82EAF72BEADD4600738DF8 /* Preview Assets.xcassets */,
			);
			path = "Preview Content";
			sourceTree = "<group>";
		};
		FFE0D3B92C0DB697004C9B2F /* Settings  */ = {
			isa = PBXGroup;
			children = (
				FFE0D3BA2C0DB6B3004C9B2F /* SettingsView.swift */,
				FFE0D3BC2C0DB6E2004C9B2F /* SettingsViewModel.swift */,
			);
			path = "Settings ";
			sourceTree = "<group>";
		};
		FFE0F6642BEB6B4A00FD39D9 /* Login */ = {
			isa = PBXGroup;
			children = (
				FF0C1A472C06CD50007710E0 /* SignUp */,
				FFE0F67B2BF290D900FD39D9 /* LoginView.swift */,
				FFE0F67D2BF2934200FD39D9 /* LoginViewModel.swift */,
			);
			path = Login;
			sourceTree = "<group>";
		};
		FFE0F6652BEB6CB400FD39D9 /* Explore */ = {
			isa = PBXGroup;
			children = (
				FFE0F66D2BEB6F7B00FD39D9 /* ExploreView.swift */,
				FF6AF1DB2C0FBB2E0067D569 /* ExploreViewModel.swift */,
				BB7F98972BF1B16D0055A9D8 /* HeartButton.swift */,
				BBFD8C5C2BF183230076568D /* LandmarksView.swift */,
			);
			path = Explore;
			sourceTree = "<group>";
		};
		FFE0F6662BEB6CD300FD39D9 /* Activity */ = {
			isa = PBXGroup;
			children = (
				FFE0F66B2BEB6F6C00FD39D9 /* ActivityView.swift */,
				FF0C1A432C052293007710E0 /* MessageView.swift */,
				FF0C1A452C0522BC007710E0 /* MessageViewModel.swift */,
				FF6AF1D72C0EF4C50067D569 /* ActivityViewModel.swift */,
			);
			path = Activity;
			sourceTree = "<group>";
		};
		FFE0F6672BEB6D5500FD39D9 /* Account */ = {
			isa = PBXGroup;
			children = (
				FFE0D3B92C0DB697004C9B2F /* Settings  */,
				FFE0F6842BF4994700FD39D9 /* History */,
				FFE0F6832BF4993800FD39D9 /* Interests */,
				FFE0F6812BF4990A00FD39D9 /* AccountViewModel .swift */,
				FFE0F66F2BEB6F8A00FD39D9 /* AccountView.swift */,
			);
			path = Account;
			sourceTree = "<group>";
		};
		FFE0F6682BEB6DD700FD39D9 /* SageTab */ = {
			isa = PBXGroup;
			children = (
				FFE0F6692BEB6E1500FD39D9 /* SageTabView.swift */,
				FF6AF1D52C0E8DB80067D569 /* SageTabViewModel.swift */,
			);
			path = SageTab;
			sourceTree = "<group>";
		};
		FFE0F6732BF28D0C00FD39D9 /* MainEntry */ = {
			isa = PBXGroup;
			children = (
				FF82EAF22BEADD4300738DF8 /* MainEntryView.swift */,
				FFE0F6742BF28D2800FD39D9 /* MainEntryViewModel.swift */,
				FF6AF1D92C0F9D720067D569 /* AppState.swift */,
			);
			path = MainEntry;
			sourceTree = "<group>";
		};
		FFE0F6782BF2908700FD39D9 /* OnBoarding */ = {
			isa = PBXGroup;
			children = (
				FFE0F6792BF2909F00FD39D9 /* OnBoardingView.swift */,
				FFE0F67F2BF2975B00FD39D9 /* OnBoardingViewModel.swift */,
			);
			path = OnBoarding;
			sourceTree = "<group>";
		};
		FFE0F6832BF4993800FD39D9 /* Interests */ = {
			isa = PBXGroup;
			children = (
				FFE0F6872BF499B100FD39D9 /* InterestsView.swift */,
			);
			path = Interests;
			sourceTree = "<group>";
		};
		FFE0F6842BF4994700FD39D9 /* History */ = {
			isa = PBXGroup;
			children = (
				FFE0F6852BF4999F00FD39D9 /* HistoryView.swift */,
				FFE0F6892BF4A50B00FD39D9 /* HistoryViewModel.swift */,
			);
			path = History;
			sourceTree = "<group>";
		};
/* End PBXGroup section */

/* Begin PBXNativeTarget section */
		FF82EAEC2BEADD4300738DF8 /* tripsage */ = {
			isa = PBXNativeTarget;
			buildConfigurationList = FF82EAFB2BEADD4600738DF8 /* Build configuration list for PBXNativeTarget "tripsage" */;
			buildPhases = (
				FF82EAE92BEADD4300738DF8 /* Sources */,
				FF82EAEA2BEADD4300738DF8 /* Frameworks */,
				FF82EAEB2BEADD4300738DF8 /* Resources */,
			);
			buildRules = (
			);
			dependencies = (
			);
			name = tripsage;
			productName = tripsage;
			productReference = FF82EAED2BEADD4300738DF8 /* tripsage.app */;
			productType = "com.apple.product-type.application";
		};
/* End PBXNativeTarget section */

/* Begin PBXProject section */
		FF82EAE52BEADD4300738DF8 /* Project object */ = {
			isa = PBXProject;
			attributes = {
				BuildIndependentTargetsInParallel = 1;
				LastSwiftUpdateCheck = 1510;
				LastUpgradeCheck = 1510;
				TargetAttributes = {
					FF82EAEC2BEADD4300738DF8 = {
						CreatedOnToolsVersion = 15.1;
					};
				};
			};
			buildConfigurationList = FF82EAE82BEADD4300738DF8 /* Build configuration list for PBXProject "tripsage" */;
			compatibilityVersion = "Xcode 14.0";
			developmentRegion = en;
			hasScannedForEncodings = 0;
			knownRegions = (
				en,
				Base,
			);
			mainGroup = FF82EAE42BEADD4300738DF8;
			productRefGroup = FF82EAEE2BEADD4300738DF8 /* Products */;
			projectDirPath = "";
			projectRoot = "";
			targets = (
				FF82EAEC2BEADD4300738DF8 /* tripsage */,
			);
		};
/* End PBXProject section */

/* Begin PBXResourcesBuildPhase section */
		FF82EAEB2BEADD4300738DF8 /* Resources */ = {
			isa = PBXResourcesBuildPhase;
			buildActionMask = 2147483647;
			files = (
				FF82EAF82BEADD4600738DF8 /* Preview Assets.xcassets in Resources */,
				FF82EAF52BEADD4600738DF8 /* Assets.xcassets in Resources */,
			);
			runOnlyForDeploymentPostprocessing = 0;
		};
/* End PBXResourcesBuildPhase section */

/* Begin PBXSourcesBuildPhase section */
		FF82EAE92BEADD4300738DF8 /* Sources */ = {
			isa = PBXSourcesBuildPhase;
			buildActionMask = 2147483647;
			files = (
				FFE0D3B82C0D8B17004C9B2F /* NetworkManager.swift in Sources */,
				FFE0F6702BEB6F8A00FD39D9 /* AccountView.swift in Sources */,
				FFE0F6802BF2975B00FD39D9 /* OnBoardingViewModel.swift in Sources */,
				FF82EAF32BEADD4300738DF8 /* MainEntryView.swift in Sources */,
				FFE0F66C2BEB6F6C00FD39D9 /* ActivityView.swift in Sources */,
				FFE0F68A2BF4A50B00FD39D9 /* HistoryViewModel.swift in Sources */,
				FF6AF1DA2C0F9D720067D569 /* AppState.swift in Sources */,
				FFE0F67A2BF2909F00FD39D9 /* OnBoardingView.swift in Sources */,
				FFE0F66A2BEB6E1500FD39D9 /* SageTabView.swift in Sources */,
				BB7F98982BF1B16D0055A9D8 /* HeartButton.swift in Sources */,
				FFE0F6862BF4999F00FD39D9 /* HistoryView.swift in Sources */,
				FF6AF1D62C0E8DB80067D569 /* SageTabViewModel.swift in Sources */,
				FF6AF1D82C0EF4C50067D569 /* ActivityViewModel.swift in Sources */,
				FFE0F6752BF28D2800FD39D9 /* MainEntryViewModel.swift in Sources */,
				FF82EAF12BEADD4300738DF8 /* tripsageApp.swift in Sources */,
				FFE0F6882BF499B100FD39D9 /* InterestsView.swift in Sources */,
				FF0C1A592C0ADB4D007710E0 /* LocationManager.swift in Sources */,
				FF0C1A442C052293007710E0 /* MessageView.swift in Sources */,
				FF0C1A4B2C06CDF3007710E0 /* SignUpViewModel.swift in Sources */,
				FFE0D3BD2C0DB6E2004C9B2F /* SettingsViewModel.swift in Sources */,
				FF0C1A462C0522BC007710E0 /* MessageViewModel.swift in Sources */,
				FF0C1A492C06CD70007710E0 /* SignUpView.swift in Sources */,
				FFE0F67E2BF2934200FD39D9 /* LoginViewModel.swift in Sources */,
				FF0C1A572C094138007710E0 /* Mocker .swift in Sources */,
				FF0C1A522C07D2A5007710E0 /* URLProvider .swift in Sources */,
				FFE0D3BB2C0DB6B3004C9B2F /* SettingsView.swift in Sources */,
				FF6AF1DC2C0FBB2E0067D569 /* ExploreViewModel.swift in Sources */,
				FFE0D3C02C0E45DB004C9B2F /* KeyboardResponder.swift in Sources */,
				FFE0F67C2BF290D900FD39D9 /* LoginView.swift in Sources */,
				FF0C1A4D2C071B68007710E0 /* KeyChainUtility.swift in Sources */,
				FF0C1A552C092B59007710E0 /* User.swift in Sources */,
				FF24DC802C100BEA00238FCD /* SageLoadingView.swift in Sources */,
				FFE0F6822BF4990A00FD39D9 /* AccountViewModel .swift in Sources */,
				FFE0F66E2BEB6F7B00FD39D9 /* ExploreView.swift in Sources */,
				BBFD8C5D2BF183230076568D /* LandmarksView.swift in Sources */,
			);
			runOnlyForDeploymentPostprocessing = 0;
		};
/* End PBXSourcesBuildPhase section */

/* Begin XCBuildConfiguration section */
		FF82EAF92BEADD4600738DF8 /* Debug */ = {
			isa = XCBuildConfiguration;
			buildSettings = {
				ALWAYS_SEARCH_USER_PATHS = NO;
				ASSETCATALOG_COMPILER_GENERATE_SWIFT_ASSET_SYMBOL_EXTENSIONS = YES;
				CLANG_ANALYZER_NONNULL = YES;
				CLANG_ANALYZER_NUMBER_OBJECT_CONVERSION = YES_AGGRESSIVE;
				CLANG_CXX_LANGUAGE_STANDARD = "gnu++20";
				CLANG_ENABLE_MODULES = YES;
				CLANG_ENABLE_OBJC_ARC = YES;
				CLANG_ENABLE_OBJC_WEAK = YES;
				CLANG_WARN_BLOCK_CAPTURE_AUTORELEASING = YES;
				CLANG_WARN_BOOL_CONVERSION = YES;
				CLANG_WARN_COMMA = YES;
				CLANG_WARN_CONSTANT_CONVERSION = YES;
				CLANG_WARN_DEPRECATED_OBJC_IMPLEMENTATIONS = YES;
				CLANG_WARN_DIRECT_OBJC_ISA_USAGE = YES_ERROR;
				CLANG_WARN_DOCUMENTATION_COMMENTS = YES;
				CLANG_WARN_EMPTY_BODY = YES;
				CLANG_WARN_ENUM_CONVERSION = YES;
				CLANG_WARN_INFINITE_RECURSION = YES;
				CLANG_WARN_INT_CONVERSION = YES;
				CLANG_WARN_NON_LITERAL_NULL_CONVERSION = YES;
				CLANG_WARN_OBJC_IMPLICIT_RETAIN_SELF = YES;
				CLANG_WARN_OBJC_LITERAL_CONVERSION = YES;
				CLANG_WARN_OBJC_ROOT_CLASS = YES_ERROR;
				CLANG_WARN_QUOTED_INCLUDE_IN_FRAMEWORK_HEADER = YES;
				CLANG_WARN_RANGE_LOOP_ANALYSIS = YES;
				CLANG_WARN_STRICT_PROTOTYPES = YES;
				CLANG_WARN_SUSPICIOUS_MOVE = YES;
				CLANG_WARN_UNGUARDED_AVAILABILITY = YES_AGGRESSIVE;
				CLANG_WARN_UNREACHABLE_CODE = YES;
				CLANG_WARN__DUPLICATE_METHOD_MATCH = YES;
				COPY_PHASE_STRIP = NO;
				DEBUG_INFORMATION_FORMAT = dwarf;
				ENABLE_STRICT_OBJC_MSGSEND = YES;
				ENABLE_TESTABILITY = YES;
				ENABLE_USER_SCRIPT_SANDBOXING = YES;
				GCC_C_LANGUAGE_STANDARD = gnu17;
				GCC_DYNAMIC_NO_PIC = NO;
				GCC_NO_COMMON_BLOCKS = YES;
				GCC_OPTIMIZATION_LEVEL = 0;
				GCC_PREPROCESSOR_DEFINITIONS = (
					"DEBUG=1",
					"$(inherited)",
				);
				GCC_WARN_64_TO_32_BIT_CONVERSION = YES;
				GCC_WARN_ABOUT_RETURN_TYPE = YES_ERROR;
				GCC_WARN_UNDECLARED_SELECTOR = YES;
				GCC_WARN_UNINITIALIZED_AUTOS = YES_AGGRESSIVE;
				GCC_WARN_UNUSED_FUNCTION = YES;
				GCC_WARN_UNUSED_VARIABLE = YES;
				IPHONEOS_DEPLOYMENT_TARGET = 17.2;
				LOCALIZATION_PREFERS_STRING_CATALOGS = YES;
				MTL_ENABLE_DEBUG_INFO = INCLUDE_SOURCE;
				MTL_FAST_MATH = YES;
				ONLY_ACTIVE_ARCH = YES;
				SDKROOT = iphoneos;
				SWIFT_ACTIVE_COMPILATION_CONDITIONS = "DEBUG $(inherited)";
				SWIFT_OPTIMIZATION_LEVEL = "-Onone";
			};
			name = Debug;
		};
		FF82EAFA2BEADD4600738DF8 /* Release */ = {
			isa = XCBuildConfiguration;
			buildSettings = {
				ALWAYS_SEARCH_USER_PATHS = NO;
				ASSETCATALOG_COMPILER_GENERATE_SWIFT_ASSET_SYMBOL_EXTENSIONS = YES;
				CLANG_ANALYZER_NONNULL = YES;
				CLANG_ANALYZER_NUMBER_OBJECT_CONVERSION = YES_AGGRESSIVE;
				CLANG_CXX_LANGUAGE_STANDARD = "gnu++20";
				CLANG_ENABLE_MODULES = YES;
				CLANG_ENABLE_OBJC_ARC = YES;
				CLANG_ENABLE_OBJC_WEAK = YES;
				CLANG_WARN_BLOCK_CAPTURE_AUTORELEASING = YES;
				CLANG_WARN_BOOL_CONVERSION = YES;
				CLANG_WARN_COMMA = YES;
				CLANG_WARN_CONSTANT_CONVERSION = YES;
				CLANG_WARN_DEPRECATED_OBJC_IMPLEMENTATIONS = YES;
				CLANG_WARN_DIRECT_OBJC_ISA_USAGE = YES_ERROR;
				CLANG_WARN_DOCUMENTATION_COMMENTS = YES;
				CLANG_WARN_EMPTY_BODY = YES;
				CLANG_WARN_ENUM_CONVERSION = YES;
				CLANG_WARN_INFINITE_RECURSION = YES;
				CLANG_WARN_INT_CONVERSION = YES;
				CLANG_WARN_NON_LITERAL_NULL_CONVERSION = YES;
				CLANG_WARN_OBJC_IMPLICIT_RETAIN_SELF = YES;
				CLANG_WARN_OBJC_LITERAL_CONVERSION = YES;
				CLANG_WARN_OBJC_ROOT_CLASS = YES_ERROR;
				CLANG_WARN_QUOTED_INCLUDE_IN_FRAMEWORK_HEADER = YES;
				CLANG_WARN_RANGE_LOOP_ANALYSIS = YES;
				CLANG_WARN_STRICT_PROTOTYPES = YES;
				CLANG_WARN_SUSPICIOUS_MOVE = YES;
				CLANG_WARN_UNGUARDED_AVAILABILITY = YES_AGGRESSIVE;
				CLANG_WARN_UNREACHABLE_CODE = YES;
				CLANG_WARN__DUPLICATE_METHOD_MATCH = YES;
				COPY_PHASE_STRIP = NO;
				DEBUG_INFORMATION_FORMAT = "dwarf-with-dsym";
				ENABLE_NS_ASSERTIONS = NO;
				ENABLE_STRICT_OBJC_MSGSEND = YES;
				ENABLE_USER_SCRIPT_SANDBOXING = YES;
				GCC_C_LANGUAGE_STANDARD = gnu17;
				GCC_NO_COMMON_BLOCKS = YES;
				GCC_WARN_64_TO_32_BIT_CONVERSION = YES;
				GCC_WARN_ABOUT_RETURN_TYPE = YES_ERROR;
				GCC_WARN_UNDECLARED_SELECTOR = YES;
				GCC_WARN_UNINITIALIZED_AUTOS = YES_AGGRESSIVE;
				GCC_WARN_UNUSED_FUNCTION = YES;
				GCC_WARN_UNUSED_VARIABLE = YES;
				IPHONEOS_DEPLOYMENT_TARGET = 17.2;
				LOCALIZATION_PREFERS_STRING_CATALOGS = YES;
				MTL_ENABLE_DEBUG_INFO = NO;
				MTL_FAST_MATH = YES;
				SDKROOT = iphoneos;
				SWIFT_COMPILATION_MODE = wholemodule;
				VALIDATE_PRODUCT = YES;
			};
			name = Release;
		};
		FF82EAFC2BEADD4600738DF8 /* Debug */ = {
			isa = XCBuildConfiguration;
			buildSettings = {
				ASSETCATALOG_COMPILER_APPICON_NAME = AppIcon;
				ASSETCATALOG_COMPILER_GLOBAL_ACCENT_COLOR_NAME = AccentColor;
				CODE_SIGN_STYLE = Automatic;
				CURRENT_PROJECT_VERSION = 1;
				DEVELOPMENT_ASSET_PATHS = "\"tripsage/Preview Content\"";
				DEVELOPMENT_TEAM = QUP2TJ8JWM;
				ENABLE_PREVIEWS = YES;
				GENERATE_INFOPLIST_FILE = YES;
				INFOPLIST_FILE = tripsage/Info.plist;
				INFOPLIST_KEY_UIApplicationSceneManifest_Generation = YES;
				INFOPLIST_KEY_UIApplicationSupportsIndirectInputEvents = YES;
				INFOPLIST_KEY_UILaunchScreen_Generation = YES;
				INFOPLIST_KEY_UISupportedInterfaceOrientations_iPad = "UIInterfaceOrientationPortrait UIInterfaceOrientationPortraitUpsideDown UIInterfaceOrientationLandscapeLeft UIInterfaceOrientationLandscapeRight";
				INFOPLIST_KEY_UISupportedInterfaceOrientations_iPhone = "UIInterfaceOrientationPortrait UIInterfaceOrientationLandscapeLeft UIInterfaceOrientationLandscapeRight";
				LD_RUNPATH_SEARCH_PATHS = (
					"$(inherited)",
					"@executable_path/Frameworks",
				);
				MARKETING_VERSION = 1.0;
				PRODUCT_BUNDLE_IDENTIFIER = com.proudmpala.tripsage;
				PRODUCT_NAME = "$(TARGET_NAME)";
				SWIFT_EMIT_LOC_STRINGS = YES;
				SWIFT_VERSION = 5.0;
				TARGETED_DEVICE_FAMILY = "1,2";
			};
			name = Debug;
		};
		FF82EAFD2BEADD4600738DF8 /* Release */ = {
			isa = XCBuildConfiguration;
			buildSettings = {
				ASSETCATALOG_COMPILER_APPICON_NAME = AppIcon;
				ASSETCATALOG_COMPILER_GLOBAL_ACCENT_COLOR_NAME = AccentColor;
				CODE_SIGN_STYLE = Automatic;
				CURRENT_PROJECT_VERSION = 1;
				DEVELOPMENT_ASSET_PATHS = "\"tripsage/Preview Content\"";
				DEVELOPMENT_TEAM = QUP2TJ8JWM;
				ENABLE_PREVIEWS = YES;
				GENERATE_INFOPLIST_FILE = YES;
				INFOPLIST_FILE = tripsage/Info.plist;
				INFOPLIST_KEY_UIApplicationSceneManifest_Generation = YES;
				INFOPLIST_KEY_UIApplicationSupportsIndirectInputEvents = YES;
				INFOPLIST_KEY_UILaunchScreen_Generation = YES;
				INFOPLIST_KEY_UISupportedInterfaceOrientations_iPad = "UIInterfaceOrientationPortrait UIInterfaceOrientationPortraitUpsideDown UIInterfaceOrientationLandscapeLeft UIInterfaceOrientationLandscapeRight";
				INFOPLIST_KEY_UISupportedInterfaceOrientations_iPhone = "UIInterfaceOrientationPortrait UIInterfaceOrientationLandscapeLeft UIInterfaceOrientationLandscapeRight";
				LD_RUNPATH_SEARCH_PATHS = (
					"$(inherited)",
					"@executable_path/Frameworks",
				);
				MARKETING_VERSION = 1.0;
				PRODUCT_BUNDLE_IDENTIFIER = com.proudmpala.tripsage;
				PRODUCT_NAME = "$(TARGET_NAME)";
				SWIFT_EMIT_LOC_STRINGS = YES;
				SWIFT_VERSION = 5.0;
				TARGETED_DEVICE_FAMILY = "1,2";
			};
			name = Release;
		};
/* End XCBuildConfiguration section */

/* Begin XCConfigurationList section */
		FF82EAE82BEADD4300738DF8 /* Build configuration list for PBXProject "tripsage" */ = {
			isa = XCConfigurationList;
			buildConfigurations = (
				FF82EAF92BEADD4600738DF8 /* Debug */,
				FF82EAFA2BEADD4600738DF8 /* Release */,
			);
			defaultConfigurationIsVisible = 0;
			defaultConfigurationName = Release;
		};
		FF82EAFB2BEADD4600738DF8 /* Build configuration list for PBXNativeTarget "tripsage" */ = {
			isa = XCConfigurationList;
			buildConfigurations = (
				FF82EAFC2BEADD4600738DF8 /* Debug */,
				FF82EAFD2BEADD4600738DF8 /* Release */,
			);
			defaultConfigurationIsVisible = 0;
			defaultConfigurationName = Release;
		};
/* End XCConfigurationList section */
	};
	rootObject = FF82EAE52BEADD4300738DF8 /* Project object */;
}
